{
  "requires": true,
  "lockfileVersion": 1,
  "dependencies": {
    "react-native-logs": {
      "version": "2.2.1",
      "resolved": "https://registry.npmjs.org/react-native-logs/-/react-native-logs-2.2.1.tgz",
      "integrity": "sha512-yWS2sPy3ZksYBt9C6Ga7YkBWOFT3E/onLluyci42iv29MWcQim0i59vUmZgIFgg2NwC04IQi04xfK5GiSZvyrQ=="
    }
  }
}
